# THIS IS AN AUTOGENERATED FILE. DO NOT EDIT THIS FILE DIRECTLY.
# yarn lockfile v1


"@types/lodash-es@^4.17.3":
  version "4.17.3"
  resolved "https://registry.yarnpkg.com/@types/lodash-es/-/lodash-es-4.17.3.tgz#87eb0b3673b076b8ee655f1890260a136af09a2d"
  integrity sha512-iHI0i7ZAL1qepz1Y7f3EKg/zUMDwDfTzitx+AlHhJJvXwenP682ZyGbgPSc5Ej3eEAKVbNWKFuwOadCj5vBbYQ==
  dependencies:
    "@types/lodash" "*"

"@types/lodash@*":
  version "4.14.165"
  resolved "https://registry.yarnpkg.com/@types/lodash/-/lodash-4.14.165.tgz#74d55d947452e2de0742bad65270433b63a8c30f"
  integrity sha512-tjSSOTHhI5mCHTy/OOXYIhi2Wt1qcbHmuXD1Ha7q70CgI/I71afO4XtLb/cVexki1oVYchpul/TOuu3Arcdxrg==

"@types/p5@^0.9.1":
  version "0.9.1"
  resolved "https://registry.yarnpkg.com/@types/p5/-/p5-0.9.1.tgz#920c6cd6ee30b5d9e5cc04cb9b11bb762c333bc5"
  integrity sha512-4glOKdqdBiRWDFZwi/MjHudPV2U4t2L4fTTSacGapfFxyNXzZcAshAjqmrJkCIZcFlhRBEAL7AM95xRDMfrIwg==

"@types/three@^0.103.2":
  version "0.103.2"
  resolved "https://registry.yarnpkg.com/@types/three/-/three-0.103.2.tgz#f7d49130001c551941a0ded757def810579aafc4"
  integrity sha512-zhtf0Qs5wLJpIn1+VWCpzSgpKayj/GSWZ6woiuz09FW59KEDeLpnBkYz6lbblVpRmGdlnG8nd0unaASshOvcXw==
  dependencies:
    three "*"

lodash-es@^4.17.15:
  version "4.17.15"
  resolved "https://registry.yarnpkg.com/lodash-es/-/lodash-es-4.17.15.tgz#21bd96839354412f23d7a10340e5eac6ee455d78"
  integrity sha512-rlrc3yU3+JNOpZ9zj5pQtxnx2THmvRykwL4Xlxoa8I9lHBlVbbyPhgyPMioxVZ4NqyxaVVtaJnzsyOidQIhyyQ==

p5@^1.1.9:
  version "1.1.9"
  resolved "https://registry.yarnpkg.com/p5/-/p5-1.1.9.tgz#b33692100f991b993128fd8e3324cc56adad68b2"
  integrity sha512-gU+UBEAXLGt3RQFzTtsKijF+eBidweIqRrg51AniuLG8LKHzylrB5ilIOzyDgcR1/hWt6danWPArjaVtXHWfWg==

three@*, three@^0.123.0:
  version "0.123.0"
  resolved "https://registry.yarnpkg.com/three/-/three-0.123.0.tgz#3bb6d8f908a432eb7cd450f7eab6dd40fde53085"
  integrity sha512-KNnx/IbilvoHRkxOtL0ouozoDoElyuvAXhFB21RK7F5IPWSmqyFelICK6x3hJerLNSlAdHxR0hkuvMMhH9pqXg==
